
Microsoft Visual Studio Solution File, Format Version 12.00
# Visual Studio Version 17
VisualStudioVersion = 17.11.35312.102
MinimumVisualStudioVersion = 10.0.40219.1
Project("{FAE04EC0-301F-11D3-BF4B-00C04F79EFBC}") = "SchoolSystem", "SchoolSystem\SchoolSystem.csproj", "{481CEA93-A040-4E5F-ADE3-E134D4B628F9}"
EndProject
Global
	GlobalSection(SolutionConfigurationPlatforms) = preSolution
		Debug|Any CPU = Debug|Any CPU
		Release|Any CPU = Release|Any CPU
	EndGlobalSection
	GlobalSection(ProjectConfigurationPlatforms) = postSolution
		{481CEA93-A040-4E5F-ADE3-E134D4B628F9}.Debug|Any CPU.ActiveCfg = Debug|Any CPU
		{481CEA93-A040-4E5F-ADE3-E134D4B628F9}.Debug|Any CPU.Build.0 = Debug|Any CPU
		{481CEA93-A040-4E5F-ADE3-E134D4B628F9}.Release|Any CPU.ActiveCfg = Release|Any CPU
		{481CEA93-A040-4E5F-ADE3-E134D4B628F9}.Release|Any CPU.Build.0 = Release|Any CPU
	EndGlobalSection
	GlobalSection(SolutionProperties) = preSolution
		HideSolutionNode = FALSE
	EndGlobalSection
	GlobalSection(ExtensibilityGlobals) = postSolution
		SolutionGuid = {8543BA8A-2842-493F-9036-FDC0443EDE09}
	EndGlobalSection
EndGlobal
